
Microsoft Visual Studio Solution File, Format Version 12.00
# Visual Studio Version 17
VisualStudioVersion = 17.0.31903.59
MinimumVisualStudioVersion = 10.0.40219.1
Project("{FAE04EC0-301F-11D3-BF4B-00C04F79EFBC}") = "ConsoleApp", "ConsoleApp\ConsoleApp.csproj", "{C593CB4C-ACE1-4E7E-AE18-DE89DEB9A67B}"
EndProject
Global
	GlobalSection(SolutionConfigurationPlatforms) = preSolution
		Debug|Any CPU = Debug|Any CPU
		Release|Any CPU = Release|Any CPU
	EndGlobalSection
	GlobalSection(SolutionProperties) = preSolution
		HideSolutionNode = FALSE
	EndGlobalSection
	GlobalSection(ProjectConfigurationPlatforms) = postSolution
		{C593CB4C-ACE1-4E7E-AE18-DE89DEB9A67B}.Debug|Any CPU.ActiveCfg = Debug|Any CPU
		{C593CB4C-ACE1-4E7E-AE18-DE89DEB9A67B}.Debug|Any CPU.Build.0 = Debug|Any CPU
		{C593CB4C-ACE1-4E7E-AE18-DE89DEB9A67B}.Release|Any CPU.ActiveCfg = Release|Any CPU
		{C593CB4C-ACE1-4E7E-AE18-DE89DEB9A67B}.Release|Any CPU.Build.0 = Release|Any CPU
	EndGlobalSection
EndGlobal
